
Microsoft Visual Studio Solution File, Format Version 12.00
# Visual Studio 15
VisualStudioVersion = 15.0.28307.1927
MinimumVisualStudioVersion = 10.0.40219.1
Project("{FAE04EC0-301F-11D3-BF4B-00C04F79EFBC}") = "Introduccion", "Introduccion\Introduccion.csproj", "{A837154A-10FE-4BBF-BF78-9DAB88AC5B74}"
EndProject
Global
	GlobalSection(SolutionConfigurationPlatforms) = preSolution
		Debug|Any CPU = Debug|Any CPU
		Release|Any CPU = Release|Any CPU
	EndGlobalSection
	GlobalSection(ProjectConfigurationPlatforms) = postSolution
		{A837154A-10FE-4BBF-BF78-9DAB88AC5B74}.Debug|Any CPU.ActiveCfg = Debug|Any CPU
		{A837154A-10FE-4BBF-BF78-9DAB88AC5B74}.Debug|Any CPU.Build.0 = Debug|Any CPU
		{A837154A-10FE-4BBF-BF78-9DAB88AC5B74}.Release|Any CPU.ActiveCfg = Release|Any CPU
		{A837154A-10FE-4BBF-BF78-9DAB88AC5B74}.Release|Any CPU.Build.0 = Release|Any CPU
	EndGlobalSection
	GlobalSection(SolutionProperties) = preSolution
		HideSolutionNode = FALSE
	EndGlobalSection
	GlobalSection(ExtensibilityGlobals) = postSolution
		SolutionGuid = {1BD6CA43-7706-46F2-9EC1-3F7122964724}
	EndGlobalSection
EndGlobal
