
Microsoft Visual Studio Solution File, Format Version 12.00
# Visual Studio 15
VisualStudioVersion = 15.0.28307.1927
MinimumVisualStudioVersion = 10.0.40219.1
Project("{FAE04EC0-301F-11D3-BF4B-00C04F79EFBC}") = "DesignPatterns", "DesignPatterns\DesignPatterns.csproj", "{38A8618C-AB3C-44FE-8697-7FAD7C4C0BDE}"
EndProject
Global
	GlobalSection(SolutionConfigurationPlatforms) = preSolution
		Debug|Any CPU = Debug|Any CPU
		Release|Any CPU = Release|Any CPU
	EndGlobalSection
	GlobalSection(ProjectConfigurationPlatforms) = postSolution
		{38A8618C-AB3C-44FE-8697-7FAD7C4C0BDE}.Debug|Any CPU.ActiveCfg = Debug|Any CPU
		{38A8618C-AB3C-44FE-8697-7FAD7C4C0BDE}.Debug|Any CPU.Build.0 = Debug|Any CPU
		{38A8618C-AB3C-44FE-8697-7FAD7C4C0BDE}.Release|Any CPU.ActiveCfg = Release|Any CPU
		{38A8618C-AB3C-44FE-8697-7FAD7C4C0BDE}.Release|Any CPU.Build.0 = Release|Any CPU
	EndGlobalSection
	GlobalSection(SolutionProperties) = preSolution
		HideSolutionNode = FALSE
	EndGlobalSection
	GlobalSection(ExtensibilityGlobals) = postSolution
		SolutionGuid = {BB2B3A8D-1112-4998-8409-D6EFCED573FE}
	EndGlobalSection
EndGlobal
